// !$*UTF8*$!
{
	archiveVersion = 1;
	classes = {
	};
	objectVersion = 56;
	objects = {

/* Begin PBXBuildFile section */
		A0175020292D4ECC0081AE00 /* AppDelegate.swift in Sources */ = {isa = PBXBuildFile; fileRef = A017501F292D4ECC0081AE00 /* AppDelegate.swift */; };
		A0175022292D4ECC0081AE00 /* SceneDelegate.swift in Sources */ = {isa = PBXBuildFile; fileRef = A0175021292D4ECC0081AE00 /* SceneDelegate.swift */; };
		A0175024292D4ECC0081AE00 /* ViewController.swift in Sources */ = {isa = PBXBuildFile; fileRef = A0175023292D4ECC0081AE00 /* ViewController.swift */; };
		A0175027292D4ECC0081AE00 /* Main.storyboard in Resources */ = {isa = PBXBuildFile; fileRef = A0175025292D4ECC0081AE00 /* Main.storyboard */; };
		A0175029292D4ECC0081AE00 /* Assets.xcassets in Resources */ = {isa = PBXBuildFile; fileRef = A0175028292D4ECC0081AE00 /* Assets.xcassets */; };
		A017502C292D4ECC0081AE00 /* LaunchScreen.storyboard in Resources */ = {isa = PBXBuildFile; fileRef = A017502A292D4ECC0081AE00 /* LaunchScreen.storyboard */; };
		A091AE6F292D77C200B1A36C /* CustomTableViewCell.swift in Sources */ = {isa = PBXBuildFile; fileRef = A091AE6D292D77C200B1A36C /* CustomTableViewCell.swift */; };
		A091AE70292D77C200B1A36C /* CustomTableViewCell.xib in Resources */ = {isa = PBXBuildFile; fileRef = A091AE6E292D77C200B1A36C /* CustomTableViewCell.xib */; };
		A091AE74292D7B6800B1A36C /* CustomCollectionViewCell.swift in Sources */ = {isa = PBXBuildFile; fileRef = A091AE72292D7B6800B1A36C /* CustomCollectionViewCell.swift */; };
		A091AE75292D7B6800B1A36C /* CustomCollectionViewCell.xib in Resources */ = {isa = PBXBuildFile; fileRef = A091AE73292D7B6800B1A36C /* CustomCollectionViewCell.xib */; };
/* End PBXBuildFile section */

/* Begin PBXFileReference section */
		A017501C292D4ECC0081AE00 /* EstudoControllerTableViewCurso.app */ = {isa = PBXFileReference; explicitFileType = wrapper.application; includeInIndex = 0; path = EstudoControllerTableViewCurso.app; sourceTree = BUILT_PRODUCTS_DIR; };
		A017501F292D4ECC0081AE00 /* AppDelegate.swift */ = {isa = PBXFileReference; lastKnownFileType = sourcecode.swift; path = AppDelegate.swift; sourceTree = "<group>"; };
		A0175021292D4ECC0081AE00 /* SceneDelegate.swift */ = {isa = PBXFileReference; lastKnownFileType = sourcecode.swift; path = SceneDelegate.swift; sourceTree = "<group>"; };
		A0175023292D4ECC0081AE00 /* ViewController.swift */ = {isa = PBXFileReference; lastKnownFileType = sourcecode.swift; path = ViewController.swift; sourceTree = "<group>"; };
		A0175026292D4ECC0081AE00 /* Base */ = {isa = PBXFileReference; lastKnownFileType = file.storyboard; name = Base; path = Base.lproj/Main.storyboard; sourceTree = "<group>"; };
		A0175028292D4ECC0081AE00 /* Assets.xcassets */ = {isa = PBXFileReference; lastKnownFileType = folder.assetcatalog; path = Assets.xcassets; sourceTree = "<group>"; };
		A017502B292D4ECC0081AE00 /* Base */ = {isa = PBXFileReference; lastKnownFileType = file.storyboard; name = Base; path = Base.lproj/LaunchScreen.storyboard; sourceTree = "<group>"; };
		A017502D292D4ECC0081AE00 /* Info.plist */ = {isa = PBXFileReference; lastKnownFileType = text.plist.xml; path = Info.plist; sourceTree = "<group>"; };
		A091AE6D292D77C200B1A36C /* CustomTableViewCell.swift */ = {isa = PBXFileReference; lastKnownFileType = sourcecode.swift; path = CustomTableViewCell.swift; sourceTree = "<group>"; };
		A091AE6E292D77C200B1A36C /* CustomTableViewCell.xib */ = {isa = PBXFileReference; lastKnownFileType = file.xib; path = CustomTableViewCell.xib; sourceTree = "<group>"; };
		A091AE72292D7B6800B1A36C /* CustomCollectionViewCell.swift */ = {isa = PBXFileReference; lastKnownFileType = sourcecode.swift; path = CustomCollectionViewCell.swift; sourceTree = "<group>"; };
		A091AE73292D7B6800B1A36C /* CustomCollectionViewCell.xib */ = {isa = PBXFileReference; lastKnownFileType = file.xib; path = CustomCollectionViewCell.xib; sourceTree = "<group>"; };
/* End PBXFileReference section */

/* Begin PBXFrameworksBuildPhase section */
		A0175019292D4ECC0081AE00 /* Frameworks */ = {
			isa = PBXFrameworksBuildPhase;
			buildActionMask = 2147483647;
			files = (
			);
			runOnlyForDeploymentPostprocessing = 0;
		};
/* End PBXFrameworksBuildPhase section */

/* Begin PBXGroup section */
		A0175013292D4ECC0081AE00 = {
			isa = PBXGroup;
			children = (
				A017501E292D4ECC0081AE00 /* EstudoControllerTableViewCurso */,
				A017501D292D4ECC0081AE00 /* Products */,
			);
			sourceTree = "<group>";
		};
		A017501D292D4ECC0081AE00 /* Products */ = {
			isa = PBXGroup;
			children = (
				A017501C292D4ECC0081AE00 /* EstudoControllerTableViewCurso.app */,
			);
			name = Products;
			sourceTree = "<group>";
		};
		A017501E292D4ECC0081AE00 /* EstudoControllerTableViewCurso */ = {
			isa = PBXGroup;
			children = (
				A091AE71292D7B4B00B1A36C /* CustomCollectionViewCell */,
				A091AE6C292D777E00B1A36C /* CustomTableViewCell */,
				A017501F292D4ECC0081AE00 /* AppDelegate.swift */,
				A0175021292D4ECC0081AE00 /* SceneDelegate.swift */,
				A0175023292D4ECC0081AE00 /* ViewController.swift */,
				A0175025292D4ECC0081AE00 /* Main.storyboard */,
				A0175028292D4ECC0081AE00 /* Assets.xcassets */,
				A017502A292D4ECC0081AE00 /* LaunchScreen.storyboard */,
				A017502D292D4ECC0081AE00 /* Info.plist */,
			);
			path = EstudoControllerTableViewCurso;
			sourceTree = "<group>";
		};
		A091AE6C292D777E00B1A36C /* CustomTableViewCell */ = {
			isa = PBXGroup;
			children = (
				A091AE6D292D77C200B1A36C /* CustomTableViewCell.swift */,
				A091AE6E292D77C200B1A36C /* CustomTableViewCell.xib */,
			);
			path = CustomTableViewCell;
			sourceTree = "<group>";
		};
		A091AE71292D7B4B00B1A36C /* CustomCollectionViewCell */ = {
			isa = PBXGroup;
			children = (
				A091AE72292D7B6800B1A36C /* CustomCollectionViewCell.swift */,
				A091AE73292D7B6800B1A36C /* CustomCollectionViewCell.xib */,
			);
			path = CustomCollectionViewCell;
			sourceTree = "<group>";
		};
/* End PBXGroup section */

/* Begin PBXNativeTarget section */
		A017501B292D4ECC0081AE00 /* EstudoControllerTableViewCurso */ = {
			isa = PBXNativeTarget;
			buildConfigurationList = A0175030292D4ECC0081AE00 /* Build configuration list for PBXNativeTarget "EstudoControllerTableViewCurso" */;
			buildPhases = (
				A0175018292D4ECC0081AE00 /* Sources */,
				A0175019292D4ECC0081AE00 /* Frameworks */,
				A017501A292D4ECC0081AE00 /* Resources */,
			);
			buildRules = (
			);
			dependencies = (
			);
			name = EstudoControllerTableViewCurso;
			productName = EstudoControllerTableViewCurso;
			productReference = A017501C292D4ECC0081AE00 /* EstudoControllerTableViewCurso.app */;
			productType = "com.apple.product-type.application";
		};
/* End PBXNativeTarget section */

/* Begin PBXProject section */
		A0175014292D4ECC0081AE00 /* Project object */ = {
			isa = PBXProject;
			attributes = {
				BuildIndependentTargetsInParallel = 1;
				LastSwiftUpdateCheck = 1410;
				LastUpgradeCheck = 1410;
				TargetAttributes = {
					A017501B292D4ECC0081AE00 = {
						CreatedOnToolsVersion = 14.1;
					};
				};
			};
			buildConfigurationList = A0175017292D4ECC0081AE00 /* Build configuration list for PBXProject "EstudoControllerTableViewCurso" */;
			compatibilityVersion = "Xcode 14.0";
			developmentRegion = en;
			hasScannedForEncodings = 0;
			knownRegions = (
				en,
				Base,
			);
			mainGroup = A0175013292D4ECC0081AE00;
			productRefGroup = A017501D292D4ECC0081AE00 /* Products */;
			projectDirPath = "";
			projectRoot = "";
			targets = (
				A017501B292D4ECC0081AE00 /* EstudoControllerTableViewCurso */,
			);
		};
/* End PBXProject section */

/* Begin PBXResourcesBuildPhase section */
		A017501A292D4ECC0081AE00 /* Resources */ = {
			isa = PBXResourcesBuildPhase;
			buildActionMask = 2147483647;
			files = (
				A017502C292D4ECC0081AE00 /* LaunchScreen.storyboard in Resources */,
				A0175029292D4ECC0081AE00 /* Assets.xcassets in Resources */,
				A091AE70292D77C200B1A36C /* CustomTableViewCell.xib in Resources */,
				A091AE75292D7B6800B1A36C /* CustomCollectionViewCell.xib in Resources */,
				A0175027292D4ECC0081AE00 /* Main.storyboard in Resources */,
			);
			runOnlyForDeploymentPostprocessing = 0;
		};
/* End PBXResourcesBuildPhase section */

/* Begin PBXSourcesBuildPhase section */
		A0175018292D4ECC0081AE00 /* Sources */ = {
			isa = PBXSourcesBuildPhase;
			buildActionMask = 2147483647;
			files = (
				A0175024292D4ECC0081AE00 /* ViewController.swift in Sources */,
				A091AE74292D7B6800B1A36C /* CustomCollectionViewCell.swift in Sources */,
				A0175020292D4ECC0081AE00 /* AppDelegate.swift in Sources */,
				A091AE6F292D77C200B1A36C /* CustomTableViewCell.swift in Sources */,
				A0175022292D4ECC0081AE00 /* SceneDelegate.swift in Sources */,
			);
			runOnlyForDeploymentPostprocessing = 0;
		};
/* End PBXSourcesBuildPhase section */

/* Begin PBXVariantGroup section */
		A0175025292D4ECC0081AE00 /* Main.storyboard */ = {
			isa = PBXVariantGroup;
			children = (
				A0175026292D4ECC0081AE00 /* Base */,
			);
			name = Main.storyboard;
			sourceTree = "<group>";
		};
		A017502A292D4ECC0081AE00 /* LaunchScreen.storyboard */ = {
			isa = PBXVariantGroup;
			children = (
				A017502B292D4ECC0081AE00 /* Base */,
			);
			name = LaunchScreen.storyboard;
			sourceTree = "<group>";
		};
/* End PBXVariantGroup section */

/* Begin XCBuildConfiguration section */
		A017502E292D4ECC0081AE00 /* Debug */ = {
			isa = XCBuildConfiguration;
			buildSettings = {
				ALWAYS_SEARCH_USER_PATHS = NO;
				CLANG_ANALYZER_NONNULL = YES;
				CLANG_ANALYZER_NUMBER_OBJECT_CONVERSION = YES_AGGRESSIVE;
				CLANG_CXX_LANGUAGE_STANDARD = "gnu++20";
				CLANG_ENABLE_MODULES = YES;
				CLANG_ENABLE_OBJC_ARC = YES;
				CLANG_ENABLE_OBJC_WEAK = YES;
				CLANG_WARN_BLOCK_CAPTURE_AUTORELEASING = YES;
				CLANG_WARN_BOOL_CONVERSION = YES;
				CLANG_WARN_COMMA = YES;
				CLANG_WARN_CONSTANT_CONVERSION = YES;
				CLANG_WARN_DEPRECATED_OBJC_IMPLEMENTATIONS = YES;
				CLANG_WARN_DIRECT_OBJC_ISA_USAGE = YES_ERROR;
				CLANG_WARN_DOCUMENTATION_COMMENTS = YES;
				CLANG_WARN_EMPTY_BODY = YES;
				CLANG_WARN_ENUM_CONVERSION = YES;
				CLANG_WARN_INFINITE_RECURSION = YES;
				CLANG_WARN_INT_CONVERSION = YES;
				CLANG_WARN_NON_LITERAL_NULL_CONVERSION = YES;
				CLANG_WARN_OBJC_IMPLICIT_RETAIN_SELF = YES;
				CLANG_WARN_OBJC_LITERAL_CONVERSION = YES;
				CLANG_WARN_OBJC_ROOT_CLASS = YES_ERROR;
				CLANG_WARN_QUOTED_INCLUDE_IN_FRAMEWORK_HEADER = YES;
				CLANG_WARN_RANGE_LOOP_ANALYSIS = YES;
				CLANG_WARN_STRICT_PROTOTYPES = YES;
				CLANG_WARN_SUSPICIOUS_MOVE = YES;
				CLANG_WARN_UNGUARDED_AVAILABILITY = YES_AGGRESSIVE;
				CLANG_WARN_UNREACHABLE_CODE = YES;
				CLANG_WARN__DUPLICATE_METHOD_MATCH = YES;
				COPY_PHASE_STRIP = NO;
				DEBUG_INFORMATION_FORMAT = dwarf;
				ENABLE_STRICT_OBJC_MSGSEND = YES;
				ENABLE_TESTABILITY = YES;
				GCC_C_LANGUAGE_STANDARD = gnu11;
				GCC_DYNAMIC_NO_PIC = NO;
				GCC_NO_COMMON_BLOCKS = YES;
				GCC_OPTIMIZATION_LEVEL = 0;
				GCC_PREPROCESSOR_DEFINITIONS = (
					"DEBUG=1",
					"$(inherited)",
				);
				GCC_WARN_64_TO_32_BIT_CONVERSION = YES;
				GCC_WARN_ABOUT_RETURN_TYPE = YES_ERROR;
				GCC_WARN_UNDECLARED_SELECTOR = YES;
				GCC_WARN_UNINITIALIZED_AUTOS = YES_AGGRESSIVE;
				GCC_WARN_UNUSED_FUNCTION = YES;
				GCC_WARN_UNUSED_VARIABLE = YES;
				IPHONEOS_DEPLOYMENT_TARGET = 16.1;
				MTL_ENABLE_DEBUG_INFO = INCLUDE_SOURCE;
				MTL_FAST_MATH = YES;
				ONLY_ACTIVE_ARCH = YES;
				SDKROOT = iphoneos;
				SWIFT_ACTIVE_COMPILATION_CONDITIONS = DEBUG;
				SWIFT_OPTIMIZATION_LEVEL = "-Onone";
			};
			name = Debug;
		};
		A017502F292D4ECC0081AE00 /* Release */ = {
			isa = XCBuildConfiguration;
			buildSettings = {
				ALWAYS_SEARCH_USER_PATHS = NO;
				CLANG_ANALYZER_NONNULL = YES;
				CLANG_ANALYZER_NUMBER_OBJECT_CONVERSION = YES_AGGRESSIVE;
				CLANG_CXX_LANGUAGE_STANDARD = "gnu++20";
				CLANG_ENABLE_MODULES = YES;
				CLANG_ENABLE_OBJC_ARC = YES;
				CLANG_ENABLE_OBJC_WEAK = YES;
				CLANG_WARN_BLOCK_CAPTURE_AUTORELEASING = YES;
				CLANG_WARN_BOOL_CONVERSION = YES;
				CLANG_WARN_COMMA = YES;
				CLANG_WARN_CONSTANT_CONVERSION = YES;
				CLANG_WARN_DEPRECATED_OBJC_IMPLEMENTATIONS = YES;
				CLANG_WARN_DIRECT_OBJC_ISA_USAGE = YES_ERROR;
				CLANG_WARN_DOCUMENTATION_COMMENTS = YES;
				CLANG_WARN_EMPTY_BODY = YES;
				CLANG_WARN_ENUM_CONVERSION = YES;
				CLANG_WARN_INFINITE_RECURSION = YES;
				CLANG_WARN_INT_CONVERSION = YES;
				CLANG_WARN_NON_LITERAL_NULL_CONVERSION = YES;
				CLANG_WARN_OBJC_IMPLICIT_RETAIN_SELF = YES;
				CLANG_WARN_OBJC_LITERAL_CONVERSION = YES;
				CLANG_WARN_OBJC_ROOT_CLASS = YES_ERROR;
				CLANG_WARN_QUOTED_INCLUDE_IN_FRAMEWORK_HEADER = YES;
				CLANG_WARN_RANGE_LOOP_ANALYSIS = YES;
				CLANG_WARN_STRICT_PROTOTYPES = YES;
				CLANG_WARN_SUSPICIOUS_MOVE = YES;
				CLANG_WARN_UNGUARDED_AVAILABILITY = YES_AGGRESSIVE;
				CLANG_WARN_UNREACHABLE_CODE = YES;
				CLANG_WARN__DUPLICATE_METHOD_MATCH = YES;
				COPY_PHASE_STRIP = NO;
				DEBUG_INFORMATION_FORMAT = "dwarf-with-dsym";
				ENABLE_NS_ASSERTIONS = NO;
				ENABLE_STRICT_OBJC_MSGSEND = YES;
				GCC_C_LANGUAGE_STANDARD = gnu11;
				GCC_NO_COMMON_BLOCKS = YES;
				GCC_WARN_64_TO_32_BIT_CONVERSION = YES;
				GCC_WARN_ABOUT_RETURN_TYPE = YES_ERROR;
				GCC_WARN_UNDECLARED_SELECTOR = YES;
				GCC_WARN_UNINITIALIZED_AUTOS = YES_AGGRESSIVE;
				GCC_WARN_UNUSED_FUNCTION = YES;
				GCC_WARN_UNUSED_VARIABLE = YES;
				IPHONEOS_DEPLOYMENT_TARGET = 16.1;
				MTL_ENABLE_DEBUG_INFO = NO;
				MTL_FAST_MATH = YES;
				SDKROOT = iphoneos;
				SWIFT_COMPILATION_MODE = wholemodule;
				SWIFT_OPTIMIZATION_LEVEL = "-O";
				VALIDATE_PRODUCT = YES;
			};
			name = Release;
		};
		A0175031292D4ECC0081AE00 /* Debug */ = {
			isa = XCBuildConfiguration;
			buildSettings = {
				ASSETCATALOG_COMPILER_APPICON_NAME = AppIcon;
				ASSETCATALOG_COMPILER_GLOBAL_ACCENT_COLOR_NAME = AccentColor;
				CODE_SIGN_STYLE = Automatic;
				CURRENT_PROJECT_VERSION = 1;
				DEVELOPMENT_TEAM = Z2M34TYF87;
				GENERATE_INFOPLIST_FILE = YES;
				INFOPLIST_FILE = EstudoControllerTableViewCurso/Info.plist;
				INFOPLIST_KEY_UIApplicationSupportsIndirectInputEvents = YES;
				INFOPLIST_KEY_UILaunchStoryboardName = LaunchScreen;
				INFOPLIST_KEY_UIMainStoryboardFile = Main;
				INFOPLIST_KEY_UISupportedInterfaceOrientations_iPad = "UIInterfaceOrientationPortrait UIInterfaceOrientationPortraitUpsideDown UIInterfaceOrientationLandscapeLeft UIInterfaceOrientationLandscapeRight";
				INFOPLIST_KEY_UISupportedInterfaceOrientations_iPhone = "UIInterfaceOrientationPortrait UIInterfaceOrientationLandscapeLeft UIInterfaceOrientationLandscapeRight";
				LD_RUNPATH_SEARCH_PATHS = (
					"$(inherited)",
					"@executable_path/Frameworks",
				);
				MARKETING_VERSION = 1.0;
				PRODUCT_BUNDLE_IDENTIFIER = br.com.lucasavila.EstudoControllerTableViewCurso;
				PRODUCT_NAME = "$(TARGET_NAME)";
				SWIFT_EMIT_LOC_STRINGS = YES;
				SWIFT_VERSION = 5.0;
				TARGETED_DEVICE_FAMILY = "1,2";
			};
			name = Debug;
		};
		A0175032292D4ECC0081AE00 /* Release */ = {
			isa = XCBuildConfiguration;
			buildSettings = {
				ASSETCATALOG_COMPILER_APPICON_NAME = AppIcon;
				ASSETCATALOG_COMPILER_GLOBAL_ACCENT_COLOR_NAME = AccentColor;
				CODE_SIGN_STYLE = Automatic;
				CURRENT_PROJECT_VERSION = 1;
				DEVELOPMENT_TEAM = Z2M34TYF87;
				GENERATE_INFOPLIST_FILE = YES;
				INFOPLIST_FILE = EstudoControllerTableViewCurso/Info.plist;
				INFOPLIST_KEY_UIApplicationSupportsIndirectInputEvents = YES;
				INFOPLIST_KEY_UILaunchStoryboardName = LaunchScreen;
				INFOPLIST_KEY_UIMainStoryboardFile = Main;
				INFOPLIST_KEY_UISupportedInterfaceOrientations_iPad = "UIInterfaceOrientationPortrait UIInterfaceOrientationPortraitUpsideDown UIInterfaceOrientationLandscapeLeft UIInterfaceOrientationLandscapeRight";
				INFOPLIST_KEY_UISupportedInterfaceOrientations_iPhone = "UIInterfaceOrientationPortrait UIInterfaceOrientationLandscapeLeft UIInterfaceOrientationLandscapeRight";
				LD_RUNPATH_SEARCH_PATHS = (
					"$(inherited)",
					"@executable_path/Frameworks",
				);
				MARKETING_VERSION = 1.0;
				PRODUCT_BUNDLE_IDENTIFIER = br.com.lucasavila.EstudoControllerTableViewCurso;
				PRODUCT_NAME = "$(TARGET_NAME)";
				SWIFT_EMIT_LOC_STRINGS = YES;
				SWIFT_VERSION = 5.0;
				TARGETED_DEVICE_FAMILY = "1,2";
			};
			name = Release;
		};
/* End XCBuildConfiguration section */

/* Begin XCConfigurationList section */
		A0175017292D4ECC0081AE00 /* Build configuration list for PBXProject "EstudoControllerTableViewCurso" */ = {
			isa = XCConfigurationList;
			buildConfigurations = (
				A017502E292D4ECC0081AE00 /* Debug */,
				A017502F292D4ECC0081AE00 /* Release */,
			);
			defaultConfigurationIsVisible = 0;
			defaultConfigurationName = Release;
		};
		A0175030292D4ECC0081AE00 /* Build configuration list for PBXNativeTarget "EstudoControllerTableViewCurso" */ = {
			isa = XCConfigurationList;
			buildConfigurations = (
				A0175031292D4ECC0081AE00 /* Debug */,
				A0175032292D4ECC0081AE00 /* Release */,
			);
			defaultConfigurationIsVisible = 0;
			defaultConfigurationName = Release;
		};
/* End XCConfigurationList section */
	};
	rootObject = A0175014292D4ECC0081AE00 /* Project object */;
}
